
Microsoft Visual Studio Solution File, Format Version 12.00
# Visual Studio Version 16
VisualStudioVersion = 16.0.31129.286
MinimumVisualStudioVersion = 10.0.40219.1
Project("{9A19103F-16F7-4668-BE54-9A1E7A4F7556}") = "CarStoreCommonLibrary", "CarStoreCommonLibrary\CarStoreCommonLibrary.csproj", "{C5A79F26-EB07-410F-874C-260984FB2E01}"
EndProject
Project("{9A19103F-16F7-4668-BE54-9A1E7A4F7556}") = "CarStoreConsoleApp", "CarStoreConsoleApp\CarStoreConsoleApp.csproj", "{C9964222-A513-4E04-88B9-CAD9F5850DB4}"
EndProject
Project("{FAE04EC0-301F-11D3-BF4B-00C04F79EFBC}") = "CarShopWinForm", "CarShopWinForm\CarShopWinForm.csproj", "{6A30EE67-31B2-4DD0-BAC4-0E72CD8E317F}"
EndProject
Global
	GlobalSection(SolutionConfigurationPlatforms) = preSolution
		Debug|Any CPU = Debug|Any CPU
		Release|Any CPU = Release|Any CPU
	EndGlobalSection
	GlobalSection(ProjectConfigurationPlatforms) = postSolution
		{C5A79F26-EB07-410F-874C-260984FB2E01}.Debug|Any CPU.ActiveCfg = Debug|Any CPU
		{C5A79F26-EB07-410F-874C-260984FB2E01}.Debug|Any CPU.Build.0 = Debug|Any CPU
		{C5A79F26-EB07-410F-874C-260984FB2E01}.Release|Any CPU.ActiveCfg = Release|Any CPU
		{C5A79F26-EB07-410F-874C-260984FB2E01}.Release|Any CPU.Build.0 = Release|Any CPU
		{C9964222-A513-4E04-88B9-CAD9F5850DB4}.Debug|Any CPU.ActiveCfg = Debug|Any CPU
		{C9964222-A513-4E04-88B9-CAD9F5850DB4}.Debug|Any CPU.Build.0 = Debug|Any CPU
		{C9964222-A513-4E04-88B9-CAD9F5850DB4}.Release|Any CPU.ActiveCfg = Release|Any CPU
		{C9964222-A513-4E04-88B9-CAD9F5850DB4}.Release|Any CPU.Build.0 = Release|Any CPU
		{6A30EE67-31B2-4DD0-BAC4-0E72CD8E317F}.Debug|Any CPU.ActiveCfg = Debug|Any CPU
		{6A30EE67-31B2-4DD0-BAC4-0E72CD8E317F}.Debug|Any CPU.Build.0 = Debug|Any CPU
		{6A30EE67-31B2-4DD0-BAC4-0E72CD8E317F}.Release|Any CPU.ActiveCfg = Release|Any CPU
		{6A30EE67-31B2-4DD0-BAC4-0E72CD8E317F}.Release|Any CPU.Build.0 = Release|Any CPU
	EndGlobalSection
	GlobalSection(SolutionProperties) = preSolution
		HideSolutionNode = FALSE
	EndGlobalSection
	GlobalSection(ExtensibilityGlobals) = postSolution
		SolutionGuid = {A9ADA968-8D4E-457A-843B-AA3100717647}
	EndGlobalSection
EndGlobal
